Microsoft Visual Studio Solution File, Format Version 12.00
# Visual Studio Version 17
VisualStudioVersion = 17.5.2.0
MinimumVisualStudioVersion = 10.0.40219.1
Project("{FAE04EC0-301F-11D3-BF4B-00C04F79EFBC}") = "SoundEventBlocker", "SoundEventBlocker.csproj", "{46F99F6D-46B7-0404-0ADB-81E3A1362984}"
EndProject
Global
	GlobalSection(SolutionConfigurationPlatforms) = preSolution
		Debug|Any CPU = Debug|Any CPU
		Release|Any CPU = Release|Any CPU
	EndGlobalSection
	GlobalSection(ProjectConfigurationPlatforms) = postSolution
		{46F99F6D-46B7-0404-0ADB-81E3A1362984}.Debug|Any CPU.ActiveCfg = Debug|Any CPU
		{46F99F6D-46B7-0404-0ADB-81E3A1362984}.Debug|Any CPU.Build.0 = Debug|Any CPU
		{46F99F6D-46B7-0404-0ADB-81E3A1362984}.Release|Any CPU.ActiveCfg = Release|Any CPU
		{46F99F6D-46B7-0404-0ADB-81E3A1362984}.Release|Any CPU.Build.0 = Release|Any CPU
	EndGlobalSection
	GlobalSection(SolutionProperties) = preSolution
		HideSolutionNode = FALSE
	EndGlobalSection
	GlobalSection(ExtensibilityGlobals) = postSolution
		SolutionGuid = {83646330-7A92-4C18-ADAB-598F19487EBE}
	EndGlobalSection
EndGlobal
